// !$*UTF8*$!
{
	archiveVersion = 1;
	classes = {
	};
	objectVersion = 46;
	objects = {

/* Begin PBXBuildFile section */
		F79DB8961ABDA7A100473472 /* main.m in Sources */ = {isa = PBXBuildFile; fileRef = F79DB8951ABDA7A100473472 /* main.m */; };
		F79DB8991ABDA7A100473472 /* AppDelegate.m in Sources */ = {isa = PBXBuildFile; fileRef = F79DB8981ABDA7A100473472 /* AppDelegate.m */; };
		F79DB89C1ABDA7A100473472 /* FirstViewController.m in Sources */ = {isa = PBXBuildFile; fileRef = F79DB89B1ABDA7A100473472 /* FirstViewController.m */; };
		F79DB89F1ABDA7A100473472 /* SecondViewController.m in Sources */ = {isa = PBXBuildFile; fileRef = F79DB89E1ABDA7A100473472 /* SecondViewController.m */; };
		F79DB8A21ABDA7A100473472 /* Main.storyboard in Resources */ = {isa = PBXBuildFile; fileRef = F79DB8A01ABDA7A100473472 /* Main.storyboard */; };
		F79DB8A41ABDA7A100473472 /* Images.xcassets in Resources */ = {isa = PBXBuildFile; fileRef = F79DB8A31ABDA7A100473472 /* Images.xcassets */; };
		F79DB8A71ABDA7A100473472 /* LaunchScreen.xib in Resources */ = {isa = PBXBuildFile; fileRef = F79DB8A51ABDA7A100473472 /* LaunchScreen.xib */; };
		F79DB8B31ABDA7A100473472 /* Gatopolis_Dashboard_IpadTests.m in Sources */ = {isa = PBXBuildFile; fileRef = F79DB8B21ABDA7A100473472 /* Gatopolis_Dashboard_IpadTests.m */; };
/* End PBXBuildFile section */

/* Begin PBXContainerItemProxy section */
		F79DB8AD1ABDA7A100473472 /* PBXContainerItemProxy */ = {
			isa = PBXContainerItemProxy;
			containerPortal = F79DB8881ABDA7A100473472 /* Project object */;
			proxyType = 1;
			remoteGlobalIDString = F79DB88F1ABDA7A100473472;
			remoteInfo = "Gatopolis-Dashboard-Ipad";
		};
/* End PBXContainerItemProxy section */

/* Begin PBXFileReference section */
		F79DB8901ABDA7A100473472 /* Gatopolis-Dashboard-Ipad.app */ = {isa = PBXFileReference; explicitFileType = wrapper.application; includeInIndex = 0; path = "Gatopolis-Dashboard-Ipad.app"; sourceTree = BUILT_PRODUCTS_DIR; };
		F79DB8941ABDA7A100473472 /* Info.plist */ = {isa = PBXFileReference; lastKnownFileType = text.plist.xml; path = Info.plist; sourceTree = "<group>"; };
		F79DB8951ABDA7A100473472 /* main.m */ = {isa = PBXFileReference; lastKnownFileType = sourcecode.c.objc; path = main.m; sourceTree = "<group>"; };
		F79DB8971ABDA7A100473472 /* AppDelegate.h */ = {isa = PBXFileReference; lastKnownFileType = sourcecode.c.h; path = AppDelegate.h; sourceTree = "<group>"; };
		F79DB8981ABDA7A100473472 /* AppDelegate.m */ = {isa = PBXFileReference; lastKnownFileType = sourcecode.c.objc; path = AppDelegate.m; sourceTree = "<group>"; };
		F79DB89A1ABDA7A100473472 /* FirstViewController.h */ = {isa = PBXFileReference; lastKnownFileType = sourcecode.c.h; path = FirstViewController.h; sourceTree = "<group>"; };
		F79DB89B1ABDA7A100473472 /* FirstViewController.m */ = {isa = PBXFileReference; lastKnownFileType = sourcecode.c.objc; path = FirstViewController.m; sourceTree = "<group>"; };
		F79DB89D1ABDA7A100473472 /* SecondViewController.h */ = {isa = PBXFileReference; lastKnownFileType = sourcecode.c.h; path = SecondViewController.h; sourceTree = "<group>"; };
		F79DB89E1ABDA7A100473472 /* SecondViewController.m */ = {isa = PBXFileReference; lastKnownFileType = sourcecode.c.objc; path = SecondViewController.m; sourceTree = "<group>"; };
		F79DB8A11ABDA7A100473472 /* Base */ = {isa = PBXFileReference; lastKnownFileType = file.storyboard; name = Base; path = Base.lproj/Main.storyboard; sourceTree = "<group>"; };
		F79DB8A31ABDA7A100473472 /* Images.xcassets */ = {isa = PBXFileReference; lastKnownFileType = folder.assetcatalog; path = Images.xcassets; sourceTree = "<group>"; };
		F79DB8A61ABDA7A100473472 /* Base */ = {isa = PBXFileReference; lastKnownFileType = file.xib; name = Base; path = Base.lproj/LaunchScreen.xib; sourceTree = "<group>"; };
		F79DB8AC1ABDA7A100473472 /* Gatopolis-Dashboard-IpadTests.xctest */ = {isa = PBXFileReference; explicitFileType = wrapper.cfbundle; includeInIndex = 0; path = "Gatopolis-Dashboard-IpadTests.xctest"; sourceTree = BUILT_PRODUCTS_DIR; };
		F79DB8B11ABDA7A100473472 /* Info.plist */ = {isa = PBXFileReference; lastKnownFileType = text.plist.xml; path = Info.plist; sourceTree = "<group>"; };
		F79DB8B21ABDA7A100473472 /* Gatopolis_Dashboard_IpadTests.m */ = {isa = PBXFileReference; lastKnownFileType = sourcecode.c.objc; path = Gatopolis_Dashboard_IpadTests.m; sourceTree = "<group>"; };
/* End PBXFileReference section */

/* Begin PBXFrameworksBuildPhase section */
		F79DB88D1ABDA7A100473472 /* Frameworks */ = {
			isa = PBXFrameworksBuildPhase;
			buildActionMask = 2147483647;
			files = (
			);
			runOnlyForDeploymentPostprocessing = 0;
		};
		F79DB8A91ABDA7A100473472 /* Frameworks */ = {
			isa = PBXFrameworksBuildPhase;
			buildActionMask = 2147483647;
			files = (
			);
			runOnlyForDeploymentPostprocessing = 0;
		};
/* End PBXFrameworksBuildPhase section */

/* Begin PBXGroup section */
		F79DB8871ABDA7A100473472 = {
			isa = PBXGroup;
			children = (
				F79DB8921ABDA7A100473472 /* Gatopolis-Dashboard-Ipad */,
				F79DB8AF1ABDA7A100473472 /* Gatopolis-Dashboard-IpadTests */,
				F79DB8911ABDA7A100473472 /* Products */,
			);
			sourceTree = "<group>";
		};
		F79DB8911ABDA7A100473472 /* Products */ = {
			isa = PBXGroup;
			children = (
				F79DB8901ABDA7A100473472 /* Gatopolis-Dashboard-Ipad.app */,
				F79DB8AC1ABDA7A100473472 /* Gatopolis-Dashboard-IpadTests.xctest */,
			);
			name = Products;
			sourceTree = "<group>";
		};
		F79DB8921ABDA7A100473472 /* Gatopolis-Dashboard-Ipad */ = {
			isa = PBXGroup;
			children = (
				F79DB8971ABDA7A100473472 /* AppDelegate.h */,
				F79DB8981ABDA7A100473472 /* AppDelegate.m */,
				F79DB89A1ABDA7A100473472 /* FirstViewController.h */,
				F79DB89B1ABDA7A100473472 /* FirstViewController.m */,
				F79DB89D1ABDA7A100473472 /* SecondViewController.h */,
				F79DB89E1ABDA7A100473472 /* SecondViewController.m */,
				F79DB8A01ABDA7A100473472 /* Main.storyboard */,
				F79DB8A31ABDA7A100473472 /* Images.xcassets */,
				F79DB8A51ABDA7A100473472 /* LaunchScreen.xib */,
				F79DB8931ABDA7A100473472 /* Supporting Files */,
			);
			path = "Gatopolis-Dashboard-Ipad";
			sourceTree = "<group>";
		};
		F79DB8931ABDA7A100473472 /* Supporting Files */ = {
			isa = PBXGroup;
			children = (
				F79DB8941ABDA7A100473472 /* Info.plist */,
				F79DB8951ABDA7A100473472 /* main.m */,
			);
			name = "Supporting Files";
			sourceTree = "<group>";
		};
		F79DB8AF1ABDA7A100473472 /* Gatopolis-Dashboard-IpadTests */ = {
			isa = PBXGroup;
			children = (
				F79DB8B21ABDA7A100473472 /* Gatopolis_Dashboard_IpadTests.m */,
				F79DB8B01ABDA7A100473472 /* Supporting Files */,
			);
			path = "Gatopolis-Dashboard-IpadTests";
			sourceTree = "<group>";
		};
		F79DB8B01ABDA7A100473472 /* Supporting Files */ = {
			isa = PBXGroup;
			children = (
				F79DB8B11ABDA7A100473472 /* Info.plist */,
			);
			name = "Supporting Files";
			sourceTree = "<group>";
		};
/* End PBXGroup section */

/* Begin PBXNativeTarget section */
		F79DB88F1ABDA7A100473472 /* Gatopolis-Dashboard-Ipad */ = {
			isa = PBXNativeTarget;
			buildConfigurationList = F79DB8B61ABDA7A100473472 /* Build configuration list for PBXNativeTarget "Gatopolis-Dashboard-Ipad" */;
			buildPhases = (
				F79DB88C1ABDA7A100473472 /* Sources */,
				F79DB88D1ABDA7A100473472 /* Frameworks */,
				F79DB88E1ABDA7A100473472 /* Resources */,
			);
			buildRules = (
			);
			dependencies = (
			);
			name = "Gatopolis-Dashboard-Ipad";
			productName = "Gatopolis-Dashboard-Ipad";
			productReference = F79DB8901ABDA7A100473472 /* Gatopolis-Dashboard-Ipad.app */;
			productType = "com.apple.product-type.application";
		};
		F79DB8AB1ABDA7A100473472 /* Gatopolis-Dashboard-IpadTests */ = {
			isa = PBXNativeTarget;
			buildConfigurationList = F79DB8B91ABDA7A100473472 /* Build configuration list for PBXNativeTarget "Gatopolis-Dashboard-IpadTests" */;
			buildPhases = (
				F79DB8A81ABDA7A100473472 /* Sources */,
				F79DB8A91ABDA7A100473472 /* Frameworks */,
				F79DB8AA1ABDA7A100473472 /* Resources */,
			);
			buildRules = (
			);
			dependencies = (
				F79DB8AE1ABDA7A100473472 /* PBXTargetDependency */,
			);
			name = "Gatopolis-Dashboard-IpadTests";
			productName = "Gatopolis-Dashboard-IpadTests";
			productReference = F79DB8AC1ABDA7A100473472 /* Gatopolis-Dashboard-IpadTests.xctest */;
			productType = "com.apple.product-type.bundle.unit-test";
		};
/* End PBXNativeTarget section */

/* Begin PBXProject section */
		F79DB8881ABDA7A100473472 /* Project object */ = {
			isa = PBXProject;
			attributes = {
				LastUpgradeCheck = 0620;
				ORGANIZATIONNAME = "Ezequiel França";
				TargetAttributes = {
					F79DB88F1ABDA7A100473472 = {
						CreatedOnToolsVersion = 6.2;
					};
					F79DB8AB1ABDA7A100473472 = {
						CreatedOnToolsVersion = 6.2;
						TestTargetID = F79DB88F1ABDA7A100473472;
					};
				};
			};
			buildConfigurationList = F79DB88B1ABDA7A100473472 /* Build configuration list for PBXProject "Gatopolis-Dashboard-Ipad" */;
			compatibilityVersion = "Xcode 3.2";
			developmentRegion = English;
			hasScannedForEncodings = 0;
			knownRegions = (
				en,
				Base,
			);
			mainGroup = F79DB8871ABDA7A100473472;
			productRefGroup = F79DB8911ABDA7A100473472 /* Products */;
			projectDirPath = "";
			projectRoot = "";
			targets = (
				F79DB88F1ABDA7A100473472 /* Gatopolis-Dashboard-Ipad */,
				F79DB8AB1ABDA7A100473472 /* Gatopolis-Dashboard-IpadTests */,
			);
		};
/* End PBXProject section */

/* Begin PBXResourcesBuildPhase section */
		F79DB88E1ABDA7A100473472 /* Resources */ = {
			isa = PBXResourcesBuildPhase;
			buildActionMask = 2147483647;
			files = (
				F79DB8A21ABDA7A100473472 /* Main.storyboard in Resources */,
				F79DB8A71ABDA7A100473472 /* LaunchScreen.xib in Resources */,
				F79DB8A41ABDA7A100473472 /* Images.xcassets in Resources */,
			);
			runOnlyForDeploymentPostprocessing = 0;
		};
		F79DB8AA1ABDA7A100473472 /* Resources */ = {
			isa = PBXResourcesBuildPhase;
			buildActionMask = 2147483647;
			files = (
			);
			runOnlyForDeploymentPostprocessing = 0;
		};
/* End PBXResourcesBuildPhase section */

/* Begin PBXSourcesBuildPhase section */
		F79DB88C1ABDA7A100473472 /* Sources */ = {
			isa = PBXSourcesBuildPhase;
			buildActionMask = 2147483647;
			files = (
				F79DB89F1ABDA7A100473472 /* SecondViewController.m in Sources */,
				F79DB8991ABDA7A100473472 /* AppDelegate.m in Sources */,
				F79DB89C1ABDA7A100473472 /* FirstViewController.m in Sources */,
				F79DB8961ABDA7A100473472 /* main.m in Sources */,
			);
			runOnlyForDeploymentPostprocessing = 0;
		};
		F79DB8A81ABDA7A100473472 /* Sources */ = {
			isa = PBXSourcesBuildPhase;
			buildActionMask = 2147483647;
			files = (
				F79DB8B31ABDA7A100473472 /* Gatopolis_Dashboard_IpadTests.m in Sources */,
			);
			runOnlyForDeploymentPostprocessing = 0;
		};
/* End PBXSourcesBuildPhase section */

/* Begin PBXTargetDependency section */
		F79DB8AE1ABDA7A100473472 /* PBXTargetDependency */ = {
			isa = PBXTargetDependency;
			target = F79DB88F1ABDA7A100473472 /* Gatopolis-Dashboard-Ipad */;
			targetProxy = F79DB8AD1ABDA7A100473472 /* PBXContainerItemProxy */;
		};
/* End PBXTargetDependency section */

/* Begin PBXVariantGroup section */
		F79DB8A01ABDA7A100473472 /* Main.storyboard */ = {
			isa = PBXVariantGroup;
			children = (
				F79DB8A11ABDA7A100473472 /* Base */,
			);
			name = Main.storyboard;
			sourceTree = "<group>";
		};
		F79DB8A51ABDA7A100473472 /* LaunchScreen.xib */ = {
			isa = PBXVariantGroup;
			children = (
				F79DB8A61ABDA7A100473472 /* Base */,
			);
			name = LaunchScreen.xib;
			sourceTree = "<group>";
		};
/* End PBXVariantGroup section */

/* Begin XCBuildConfiguration section */
		F79DB8B41ABDA7A100473472 /* Debug */ = {
			isa = XCBuildConfiguration;
			buildSettings = {
				ALWAYS_SEARCH_USER_PATHS = NO;
				CLANG_CXX_LANGUAGE_STANDARD = "gnu++0x";
				CLANG_CXX_LIBRARY = "libc++";
				CLANG_ENABLE_MODULES = YES;
				CLANG_ENABLE_OBJC_ARC = YES;
				CLANG_WARN_BOOL_CONVERSION = YES;
				CLANG_WARN_CONSTANT_CONVERSION = YES;
				CLANG_WARN_DIRECT_OBJC_ISA_USAGE = YES_ERROR;
				CLANG_WARN_EMPTY_BODY = YES;
				CLANG_WARN_ENUM_CONVERSION = YES;
				CLANG_WARN_INT_CONVERSION = YES;
				CLANG_WARN_OBJC_ROOT_CLASS = YES_ERROR;
				CLANG_WARN_UNREACHABLE_CODE = YES;
				CLANG_WARN__DUPLICATE_METHOD_MATCH = YES;
				"CODE_SIGN_IDENTITY[sdk=iphoneos*]" = "iPhone Developer";
				COPY_PHASE_STRIP = NO;
				ENABLE_STRICT_OBJC_MSGSEND = YES;
				GCC_C_LANGUAGE_STANDARD = gnu99;
				GCC_DYNAMIC_NO_PIC = NO;
				GCC_OPTIMIZATION_LEVEL = 0;
				GCC_PREPROCESSOR_DEFINITIONS = (
					"DEBUG=1",
					"$(inherited)",
				);
				GCC_SYMBOLS_PRIVATE_EXTERN = NO;
				GCC_WARN_64_TO_32_BIT_CONVERSION = YES;
				GCC_WARN_ABOUT_RETURN_TYPE = YES_ERROR;
				GCC_WARN_UNDECLARED_SELECTOR = YES;
				GCC_WARN_UNINITIALIZED_AUTOS = YES_AGGRESSIVE;
				GCC_WARN_UNUSED_FUNCTION = YES;
				GCC_WARN_UNUSED_VARIABLE = YES;
				IPHONEOS_DEPLOYMENT_TARGET = 8.2;
				MTL_ENABLE_DEBUG_INFO = YES;
				ONLY_ACTIVE_ARCH = YES;
				SDKROOT = iphoneos;
				TARGETED_DEVICE_FAMILY = 2;
			};
			name = Debug;
		};
		F79DB8B51ABDA7A100473472 /* Release */ = {
			isa = XCBuildConfiguration;
			buildSettings = {
				ALWAYS_SEARCH_USER_PATHS = NO;
				CLANG_CXX_LANGUAGE_STANDARD = "gnu++0x";
				CLANG_CXX_LIBRARY = "libc++";
				CLANG_ENABLE_MODULES = YES;
				CLANG_ENABLE_OBJC_ARC = YES;
				CLANG_WARN_BOOL_CONVERSION = YES;
				CLANG_WARN_CONSTANT_CONVERSION = YES;
				CLANG_WARN_DIRECT_OBJC_ISA_USAGE = YES_ERROR;
				CLANG_WARN_EMPTY_BODY = YES;
				CLANG_WARN_ENUM_CONVERSION = YES;
				CLANG_WARN_INT_CONVERSION = YES;
				CLANG_WARN_OBJC_ROOT_CLASS = YES_ERROR;
				CLANG_WARN_UNREACHABLE_CODE = YES;
				CLANG_WARN__DUPLICATE_METHOD_MATCH = YES;
				"CODE_SIGN_IDENTITY[sdk=iphoneos*]" = "iPhone Developer";
				COPY_PHASE_STRIP = NO;
				ENABLE_NS_ASSERTIONS = NO;
				ENABLE_STRICT_OBJC_MSGSEND = YES;
				GCC_C_LANGUAGE_STANDARD = gnu99;
				GCC_WARN_64_TO_32_BIT_CONVERSION = YES;
				GCC_WARN_ABOUT_RETURN_TYPE = YES_ERROR;
				GCC_WARN_UNDECLARED_SELECTOR = YES;
				GCC_WARN_UNINITIALIZED_AUTOS = YES_AGGRESSIVE;
				GCC_WARN_UNUSED_FUNCTION = YES;
				GCC_WARN_UNUSED_VARIABLE = YES;
				IPHONEOS_DEPLOYMENT_TARGET = 8.2;
				MTL_ENABLE_DEBUG_INFO = NO;
				SDKROOT = iphoneos;
				TARGETED_DEVICE_FAMILY = 2;
				VALIDATE_PRODUCT = YES;
			};
			name = Release;
		};
		F79DB8B71ABDA7A100473472 /* Debug */ = {
			isa = XCBuildConfiguration;
			buildSettings = {
				ASSETCATALOG_COMPILER_APPICON_NAME = AppIcon;
				INFOPLIST_FILE = "Gatopolis-Dashboard-Ipad/Info.plist";
				LD_RUNPATH_SEARCH_PATHS = "$(inherited) @executable_path/Frameworks";
				PRODUCT_NAME = "$(TARGET_NAME)";
			};
			name = Debug;
		};
		F79DB8B81ABDA7A100473472 /* Release */ = {
			isa = XCBuildConfiguration;
			buildSettings = {
				ASSETCATALOG_COMPILER_APPICON_NAME = AppIcon;
				INFOPLIST_FILE = "Gatopolis-Dashboard-Ipad/Info.plist";
				LD_RUNPATH_SEARCH_PATHS = "$(inherited) @executable_path/Frameworks";
				PRODUCT_NAME = "$(TARGET_NAME)";
			};
			name = Release;
		};
		F79DB8BA1ABDA7A100473472 /* Debug */ = {
			isa = XCBuildConfiguration;
			buildSettings = {
				BUNDLE_LOADER = "$(TEST_HOST)";
				FRAMEWORK_SEARCH_PATHS = (
					"$(SDKROOT)/Developer/Library/Frameworks",
					"$(inherited)",
				);
				GCC_PREPROCESSOR_DEFINITIONS = (
					"DEBUG=1",
					"$(inherited)",
				);
				INFOPLIST_FILE = "Gatopolis-Dashboard-IpadTests/Info.plist";
				LD_RUNPATH_SEARCH_PATHS = "$(inherited) @executable_path/Frameworks @loader_path/Frameworks";
				PRODUCT_NAME = "$(TARGET_NAME)";
				TEST_HOST = "$(BUILT_PRODUCTS_DIR)/Gatopolis-Dashboard-Ipad.app/Gatopolis-Dashboard-Ipad";
			};
			name = Debug;
		};
		F79DB8BB1ABDA7A100473472 /* Release */ = {
			isa = XCBuildConfiguration;
			buildSettings = {
				BUNDLE_LOADER = "$(TEST_HOST)";
				FRAMEWORK_SEARCH_PATHS = (
					"$(SDKROOT)/Developer/Library/Frameworks",
					"$(inherited)",
				);
				INFOPLIST_FILE = "Gatopolis-Dashboard-IpadTests/Info.plist";
				LD_RUNPATH_SEARCH_PATHS = "$(inherited) @executable_path/Frameworks @loader_path/Frameworks";
				PRODUCT_NAME = "$(TARGET_NAME)";
				TEST_HOST = "$(BUILT_PRODUCTS_DIR)/Gatopolis-Dashboard-Ipad.app/Gatopolis-Dashboard-Ipad";
			};
			name = Release;
		};
/* End XCBuildConfiguration section */

/* Begin XCConfigurationList section */
		F79DB88B1ABDA7A100473472 /* Build configuration list for PBXProject "Gatopolis-Dashboard-Ipad" */ = {
			isa = XCConfigurationList;
			buildConfigurations = (
				F79DB8B41ABDA7A100473472 /* Debug */,
				F79DB8B51ABDA7A100473472 /* Release */,
			);
			defaultConfigurationIsVisible = 0;
			defaultConfigurationName = Release;
		};
		F79DB8B61ABDA7A100473472 /* Build configuration list for PBXNativeTarget "Gatopolis-Dashboard-Ipad" */ = {
			isa = XCConfigurationList;
			buildConfigurations = (
				F79DB8B71ABDA7A100473472 /* Debug */,
				F79DB8B81ABDA7A100473472 /* Release */,
			);
			defaultConfigurationIsVisible = 0;
		};
		F79DB8B91ABDA7A100473472 /* Build configuration list for PBXNativeTarget "Gatopolis-Dashboard-IpadTests" */ = {
			isa = XCConfigurationList;
			buildConfigurations = (
				F79DB8BA1ABDA7A100473472 /* Debug */,
				F79DB8BB1ABDA7A100473472 /* Release */,
			);
			defaultConfigurationIsVisible = 0;
		};
/* End XCConfigurationList section */
	};
	rootObject = F79DB8881ABDA7A100473472 /* Project object */;
}
